
Microsoft Visual Studio Solution File, Format Version 12.00
Project("{FAE04EC0-301F-11D3-BF4B-00C04F79EFBC}") = "FestivalApp_PL", "FestivalApp_PL\FestivalApp_PL.csproj", "{CFC2EC81-B515-447F-8950-D343CDA5B48E}"
EndProject
Project("{FAE04EC0-301F-11D3-BF4B-00C04F79EFBC}") = "FestivalApp_BLL", "FestivalApp_BLL\FestivalApp_BLL.csproj", "{9B4603C8-063E-415F-A62D-BCA92A8EBFE2}"
EndProject
Project("{FAE04EC0-301F-11D3-BF4B-00C04F79EFBC}") = "FestivalApp_DAL", "FestivalApp_DAL\FestivalApp_DAL.csproj", "{5E7C6B2D-D457-4A02-946B-6FA5CC7E4469}"
EndProject
Global
	GlobalSection(SolutionConfigurationPlatforms) = preSolution
		Debug|Any CPU = Debug|Any CPU
		Release|Any CPU = Release|Any CPU
	EndGlobalSection
	GlobalSection(ProjectConfigurationPlatforms) = postSolution
		{CFC2EC81-B515-447F-8950-D343CDA5B48E}.Debug|Any CPU.ActiveCfg = Debug|Any CPU
		{CFC2EC81-B515-447F-8950-D343CDA5B48E}.Debug|Any CPU.Build.0 = Debug|Any CPU
		{CFC2EC81-B515-447F-8950-D343CDA5B48E}.Release|Any CPU.ActiveCfg = Release|Any CPU
		{CFC2EC81-B515-447F-8950-D343CDA5B48E}.Release|Any CPU.Build.0 = Release|Any CPU
		{9B4603C8-063E-415F-A62D-BCA92A8EBFE2}.Debug|Any CPU.ActiveCfg = Debug|Any CPU
		{9B4603C8-063E-415F-A62D-BCA92A8EBFE2}.Debug|Any CPU.Build.0 = Debug|Any CPU
		{9B4603C8-063E-415F-A62D-BCA92A8EBFE2}.Release|Any CPU.ActiveCfg = Release|Any CPU
		{9B4603C8-063E-415F-A62D-BCA92A8EBFE2}.Release|Any CPU.Build.0 = Release|Any CPU
		{5E7C6B2D-D457-4A02-946B-6FA5CC7E4469}.Debug|Any CPU.ActiveCfg = Debug|Any CPU
		{5E7C6B2D-D457-4A02-946B-6FA5CC7E4469}.Debug|Any CPU.Build.0 = Debug|Any CPU
		{5E7C6B2D-D457-4A02-946B-6FA5CC7E4469}.Release|Any CPU.ActiveCfg = Release|Any CPU
		{5E7C6B2D-D457-4A02-946B-6FA5CC7E4469}.Release|Any CPU.Build.0 = Release|Any CPU
	EndGlobalSection
EndGlobal
